
Microsoft Visual Studio Solution File, Format Version 12.00
# Visual Studio 15
VisualStudioVersion = 15.0.28307.489
MinimumVisualStudioVersion = 10.0.40219.1
Project("{FAE04EC0-301F-11D3-BF4B-00C04F79EFBC}") = "PNT1_Grupo6", "PNT1_Grupo1\PNT1_Grupo6.csproj", "{6EE023B4-E492-4B89-8B3B-C242F37255C4}"
EndProject
Global
	GlobalSection(SolutionConfigurationPlatforms) = preSolution
		Debug|Any CPU = Debug|Any CPU
		Release|Any CPU = Release|Any CPU
	EndGlobalSection
	GlobalSection(ProjectConfigurationPlatforms) = postSolution
		{6EE023B4-E492-4B89-8B3B-C242F37255C4}.Debug|Any CPU.ActiveCfg = Debug|Any CPU
		{6EE023B4-E492-4B89-8B3B-C242F37255C4}.Debug|Any CPU.Build.0 = Debug|Any CPU
		{6EE023B4-E492-4B89-8B3B-C242F37255C4}.Release|Any CPU.ActiveCfg = Release|Any CPU
		{6EE023B4-E492-4B89-8B3B-C242F37255C4}.Release|Any CPU.Build.0 = Release|Any CPU
	EndGlobalSection
	GlobalSection(SolutionProperties) = preSolution
		HideSolutionNode = FALSE
	EndGlobalSection
	GlobalSection(ExtensibilityGlobals) = postSolution
		SolutionGuid = {DC1BF537-462F-4DD4-8E2C-12548C4E71DE}
	EndGlobalSection
EndGlobal
